
Microsoft Visual Studio Solution File, Format Version 12.00
# Visual Studio Version 17
VisualStudioVersion = 17.3.32922.545
MinimumVisualStudioVersion = 10.0.40219.1
Project("{FAE04EC0-301F-11D3-BF4B-00C04F79EFBC}") = "ReadingFromFolder", "ReadingFromFolder\ReadingFromFolder.csproj", "{541B0858-7A86-4FA3-8712-D7E170BA562E}"
EndProject
Global
	GlobalSection(SolutionConfigurationPlatforms) = preSolution
		Debug|Any CPU = Debug|Any CPU
		Release|Any CPU = Release|Any CPU
	EndGlobalSection
	GlobalSection(ProjectConfigurationPlatforms) = postSolution
		{541B0858-7A86-4FA3-8712-D7E170BA562E}.Debug|Any CPU.ActiveCfg = Debug|Any CPU
		{541B0858-7A86-4FA3-8712-D7E170BA562E}.Debug|Any CPU.Build.0 = Debug|Any CPU
		{541B0858-7A86-4FA3-8712-D7E170BA562E}.Release|Any CPU.ActiveCfg = Release|Any CPU
		{541B0858-7A86-4FA3-8712-D7E170BA562E}.Release|Any CPU.Build.0 = Release|Any CPU
	EndGlobalSection
	GlobalSection(SolutionProperties) = preSolution
		HideSolutionNode = FALSE
	EndGlobalSection
	GlobalSection(ExtensibilityGlobals) = postSolution
		SolutionGuid = {70F53FED-DF84-4445-8D0C-76F4D11206DA}
	EndGlobalSection
EndGlobal
